# AUTO-GENERATED by alloy-cicd resolve. Do not edit.
resolved_at: "2026-02-15T20:46:43Z"
host: linux/amd64
toolchains:
    sdk.golang.go@stable:
        url: https://go.dev/dl/go1.25.7.linux-amd64.tar.gz
        sha256: 12e6d6a191091ae27dc31f6efc630e3a3b8ba409baf3573d955b196fdf086005
        method: archive
    toolchain.arm-gnu.aarch64-none-linux-gnu@stable:
        url: https://developer.arm.com/-/media/Files/downloads/gnu/13.3.rel1/binrel/arm-gnu-toolchain-13.3.rel1-x86_64-aarch64-none-linux-gnu.tar.xz
        sha256: f0d87abe3dcc24797823f41a8c4eef0c8a76e82ab6ce30f43dc5f97c4b2b1b46
        method: archive
