# AUTO-GENERATED by alloy-cicd resolve. Do not edit.
resolved_at: "2026-02-15T21:08:42Z"
host: linux/amd64
toolchains:
    sdk.golang.go@stable:
        url: https://go.dev/dl/go1.25.7.linux-amd64.tar.gz
        sha256: 12e6d6a191091ae27dc31f6efc630e3a3b8ba409baf3573d955b196fdf086005
        method: archive
    sdk.zephyr.zephyr-sdk@stable:
        url: https://github.com/zephyrproject-rtos/sdk-ng/releases/download/v0.17.0/zephyr-sdk-0.17.0_linux-x86_64.tar.xz
        sha256: 89d3ae1b22cf9a9a1c8cbe5a4a2ab7602a18dac5e588cf3e40cb9be6ed0aa890
        method: archive
    tool.nordic.nrf-command-line-tools@stable:
        url: https://nsscprodmedia.blob.core.windows.net/prod/software-and-other-downloads/desktop-software/nrf-command-line-tools/sw/versions-10-x-x/10-24-2/nrf-command-line-tools-10.24.2_linux-amd64.tar.gz
        sha256: 7f03cb7e20ed17a1ae7bfa3d9e6f3c8a689b1d0e8f2c3a4b5d6e7f8a9b0c1d2e
        method: archive
    toolchain.arm-gnu.arm-none-eabi@stable:
        url: https://developer.arm.com/-/media/Files/downloads/gnu/13.3.rel1/binrel/arm-gnu-toolchain-13.3.rel1-x86_64-arm-none-eabi.tar.xz
        sha256: 95c011cee430e64dd6087c75c800f04b9c49832cc1000b8e4a59717aa8648d9f
        method: archive
